
Microsoft Visual Studio Solution File, Format Version 12.00
# Visual Studio Version 17
VisualStudioVersion = 17.6.33723.286
MinimumVisualStudioVersion = 10.0.40219.1
Project("{FAE04EC0-301F-11D3-BF4B-00C04F79EFBC}") = "ConsoleApp1", "ConsoleApp1\ConsoleApp1.csproj", "{7859A043-CDAD-4DCB-87D8-CB678E082C81}"
EndProject
Global
	GlobalSection(SolutionConfigurationPlatforms) = preSolution
		Debug|Any CPU = Debug|Any CPU
		Release|Any CPU = Release|Any CPU
	EndGlobalSection
	GlobalSection(ProjectConfigurationPlatforms) = postSolution
		{7859A043-CDAD-4DCB-87D8-CB678E082C81}.Debug|Any CPU.ActiveCfg = Debug|Any CPU
		{7859A043-CDAD-4DCB-87D8-CB678E082C81}.Debug|Any CPU.Build.0 = Debug|Any CPU
		{7859A043-CDAD-4DCB-87D8-CB678E082C81}.Release|Any CPU.ActiveCfg = Release|Any CPU
		{7859A043-CDAD-4DCB-87D8-CB678E082C81}.Release|Any CPU.Build.0 = Release|Any CPU
	EndGlobalSection
	GlobalSection(SolutionProperties) = preSolution
		HideSolutionNode = FALSE
	EndGlobalSection
	GlobalSection(ExtensibilityGlobals) = postSolution
		SolutionGuid = {045478BC-2750-4D59-B2FD-5FB92DDCBD2B}
	EndGlobalSection
EndGlobal
